
Microsoft Visual Studio Solution File, Format Version 12.00
# Visual Studio Version 16
VisualStudioVersion = 16.0.29418.71
MinimumVisualStudioVersion = 10.0.40219.1
Project("{9A19103F-16F7-4668-BE54-9A1E7A4F7556}") = "HomeAssistance", "HomeAssistance\HomeAssistance.csproj", "{CF054BAB-1E03-4BBB-8954-2CD607C8782F}"
EndProject
Project("{9A19103F-16F7-4668-BE54-9A1E7A4F7556}") = "HomeAssistance.Tests", "HomeAssistance.Tests\HomeAssistance.Tests.csproj", "{7F5C6DA1-3747-417D-AC71-DE0B07CA676F}"
EndProject
Project("{2150E333-8FDC-42A3-9474-1A3956D46DE8}") = "Solution Items", "Solution Items", "{4C76B52D-3EA2-456F-BBD6-1CDE83C6BC23}"
EndProject
Global
	GlobalSection(SolutionConfigurationPlatforms) = preSolution
		Debug|Any CPU = Debug|Any CPU
		Release|Any CPU = Release|Any CPU
	EndGlobalSection
	GlobalSection(ProjectConfigurationPlatforms) = postSolution
		{CF054BAB-1E03-4BBB-8954-2CD607C8782F}.Debug|Any CPU.ActiveCfg = Debug|Any CPU
		{CF054BAB-1E03-4BBB-8954-2CD607C8782F}.Debug|Any CPU.Build.0 = Debug|Any CPU
		{CF054BAB-1E03-4BBB-8954-2CD607C8782F}.Release|Any CPU.ActiveCfg = Release|Any CPU
		{CF054BAB-1E03-4BBB-8954-2CD607C8782F}.Release|Any CPU.Build.0 = Release|Any CPU
		{7F5C6DA1-3747-417D-AC71-DE0B07CA676F}.Debug|Any CPU.ActiveCfg = Debug|Any CPU
		{7F5C6DA1-3747-417D-AC71-DE0B07CA676F}.Debug|Any CPU.Build.0 = Debug|Any CPU
		{7F5C6DA1-3747-417D-AC71-DE0B07CA676F}.Release|Any CPU.ActiveCfg = Release|Any CPU
		{7F5C6DA1-3747-417D-AC71-DE0B07CA676F}.Release|Any CPU.Build.0 = Release|Any CPU
	EndGlobalSection
	GlobalSection(SolutionProperties) = preSolution
		HideSolutionNode = FALSE
	EndGlobalSection
	GlobalSection(ExtensibilityGlobals) = postSolution
		SolutionGuid = {406D8709-E88A-42DC-B383-1E3CB5703DBB}
	EndGlobalSection
EndGlobal
