
Microsoft Visual Studio Solution File, Format Version 12.00
# Visual Studio Version 16
VisualStudioVersion = 16.0.29509.3
MinimumVisualStudioVersion = 10.0.40219.1
Project("{9A19103F-16F7-4668-BE54-9A1E7A4F7556}") = "Models", "Models\Models.csproj", "{E3D7DEEF-7681-4AE5-BA73-66B55F76C32D}"
EndProject
Project("{9A19103F-16F7-4668-BE54-9A1E7A4F7556}") = "Repository", "Repository\Repository.csproj", "{43FDA728-3E38-4AB3-97D1-2EC99752664B}"
EndProject
Project("{9A19103F-16F7-4668-BE54-9A1E7A4F7556}") = "Repository.SqlServer", "Repository.SqlServer\Repository.SqlServer.csproj", "{998B80A1-6206-4893-938C-C96B5C728E28}"
EndProject
Project("{9A19103F-16F7-4668-BE54-9A1E7A4F7556}") = "RepositoryDemo", "RepositoryDemo\RepositoryDemo.csproj", "{28877985-72E1-42C2-BF6A-509AEF7DC229}"
EndProject
Project("{9A19103F-16F7-4668-BE54-9A1E7A4F7556}") = "Repository.Csv", "Repository.Csv\Repository.Csv.csproj", "{601382F2-74CC-48B6-80E7-7EE94A1FC4C1}"
EndProject
Project("{2150E333-8FDC-42A3-9474-1A3956D46DE8}") = "Tests", "Tests", "{8F956B97-E74D-4778-AABB-C9C9DA473716}"
EndProject
Project("{FAE04EC0-301F-11D3-BF4B-00C04F79EFBC}") = "RepositoryDemo.Tests", "RepositoryDemo.Tests\RepositoryDemo.Tests.csproj", "{6BBD0358-09CB-4868-9977-187BB9FB4DA1}"
EndProject
Global
	GlobalSection(SolutionConfigurationPlatforms) = preSolution
		Debug|Any CPU = Debug|Any CPU
		Release|Any CPU = Release|Any CPU
	EndGlobalSection
	GlobalSection(ProjectConfigurationPlatforms) = postSolution
		{E3D7DEEF-7681-4AE5-BA73-66B55F76C32D}.Debug|Any CPU.ActiveCfg = Debug|Any CPU
		{E3D7DEEF-7681-4AE5-BA73-66B55F76C32D}.Debug|Any CPU.Build.0 = Debug|Any CPU
		{E3D7DEEF-7681-4AE5-BA73-66B55F76C32D}.Release|Any CPU.ActiveCfg = Release|Any CPU
		{E3D7DEEF-7681-4AE5-BA73-66B55F76C32D}.Release|Any CPU.Build.0 = Release|Any CPU
		{43FDA728-3E38-4AB3-97D1-2EC99752664B}.Debug|Any CPU.ActiveCfg = Debug|Any CPU
		{43FDA728-3E38-4AB3-97D1-2EC99752664B}.Debug|Any CPU.Build.0 = Debug|Any CPU
		{43FDA728-3E38-4AB3-97D1-2EC99752664B}.Release|Any CPU.ActiveCfg = Release|Any CPU
		{43FDA728-3E38-4AB3-97D1-2EC99752664B}.Release|Any CPU.Build.0 = Release|Any CPU
		{998B80A1-6206-4893-938C-C96B5C728E28}.Debug|Any CPU.ActiveCfg = Debug|Any CPU
		{998B80A1-6206-4893-938C-C96B5C728E28}.Debug|Any CPU.Build.0 = Debug|Any CPU
		{998B80A1-6206-4893-938C-C96B5C728E28}.Release|Any CPU.ActiveCfg = Release|Any CPU
		{998B80A1-6206-4893-938C-C96B5C728E28}.Release|Any CPU.Build.0 = Release|Any CPU
		{28877985-72E1-42C2-BF6A-509AEF7DC229}.Debug|Any CPU.ActiveCfg = Debug|Any CPU
		{28877985-72E1-42C2-BF6A-509AEF7DC229}.Debug|Any CPU.Build.0 = Debug|Any CPU
		{28877985-72E1-42C2-BF6A-509AEF7DC229}.Release|Any CPU.ActiveCfg = Release|Any CPU
		{28877985-72E1-42C2-BF6A-509AEF7DC229}.Release|Any CPU.Build.0 = Release|Any CPU
		{601382F2-74CC-48B6-80E7-7EE94A1FC4C1}.Debug|Any CPU.ActiveCfg = Debug|Any CPU
		{601382F2-74CC-48B6-80E7-7EE94A1FC4C1}.Debug|Any CPU.Build.0 = Debug|Any CPU
		{601382F2-74CC-48B6-80E7-7EE94A1FC4C1}.Release|Any CPU.ActiveCfg = Release|Any CPU
		{601382F2-74CC-48B6-80E7-7EE94A1FC4C1}.Release|Any CPU.Build.0 = Release|Any CPU
		{6BBD0358-09CB-4868-9977-187BB9FB4DA1}.Debug|Any CPU.ActiveCfg = Debug|Any CPU
		{6BBD0358-09CB-4868-9977-187BB9FB4DA1}.Debug|Any CPU.Build.0 = Debug|Any CPU
		{6BBD0358-09CB-4868-9977-187BB9FB4DA1}.Release|Any CPU.ActiveCfg = Release|Any CPU
		{6BBD0358-09CB-4868-9977-187BB9FB4DA1}.Release|Any CPU.Build.0 = Release|Any CPU
	EndGlobalSection
	GlobalSection(SolutionProperties) = preSolution
		HideSolutionNode = FALSE
	EndGlobalSection
	GlobalSection(NestedProjects) = preSolution
		{6BBD0358-09CB-4868-9977-187BB9FB4DA1} = {8F956B97-E74D-4778-AABB-C9C9DA473716}
	EndGlobalSection
	GlobalSection(ExtensibilityGlobals) = postSolution
		SolutionGuid = {E4FA4474-05B4-45C6-8267-BABFCA6ED1A9}
	EndGlobalSection
EndGlobal
