
Microsoft Visual Studio Solution File, Format Version 12.00
# Visual Studio Version 16
VisualStudioVersion = 16.0.29519.181
MinimumVisualStudioVersion = 10.0.40219.1
Project("{FAE04EC0-301F-11D3-BF4B-00C04F79EFBC}") = "ATM", "ATM\ATM.csproj", "{55227034-F5ED-4FF1-9A12-1A65FD3DA90B}"
EndProject
Global
	GlobalSection(SolutionConfigurationPlatforms) = preSolution
		Debug|Any CPU = Debug|Any CPU
		Release|Any CPU = Release|Any CPU
	EndGlobalSection
	GlobalSection(ProjectConfigurationPlatforms) = postSolution
		{55227034-F5ED-4FF1-9A12-1A65FD3DA90B}.Debug|Any CPU.ActiveCfg = Debug|Any CPU
		{55227034-F5ED-4FF1-9A12-1A65FD3DA90B}.Debug|Any CPU.Build.0 = Debug|Any CPU
		{55227034-F5ED-4FF1-9A12-1A65FD3DA90B}.Release|Any CPU.ActiveCfg = Release|Any CPU
		{55227034-F5ED-4FF1-9A12-1A65FD3DA90B}.Release|Any CPU.Build.0 = Release|Any CPU
	EndGlobalSection
	GlobalSection(SolutionProperties) = preSolution
		HideSolutionNode = FALSE
	EndGlobalSection
	GlobalSection(ExtensibilityGlobals) = postSolution
		SolutionGuid = {FC8CDF62-FEF9-4591-ACD7-5A828F3B5972}
	EndGlobalSection
EndGlobal
